{
  "name": "my-website-stagewise",
  "version": "1.0.0",
  "lockfileVersion": 3,
  "requires": true,
  "packages": {
    "": {
      "name": "my-website-stagewise",
      "version": "1.0.0",
      "devDependencies": {
        "@stagewise/toolbar": "^0.4.8"
      }
    },
    "node_modules/@stagewise/toolbar": {
      "version": "0.4.8",
      "resolved": "https://registry.npmjs.org/@stagewise/toolbar/-/toolbar-0.4.8.tgz",
      "integrity": "sha512-0ByvC4hYdHHf3rK5M+xSR9mipHYr8naNn2OgDBtv4DE0SoSCr08KfQtZ6VpsBNbOW/Mh1Y4c/AoWcyCTOc2ocA==",
      "dev": true,
      "license": "AGPL-3.0-only"
    }
  }
}
